# This file is automatically @generated by Poetry 1.8.3 and should not be changed by hand.

[[package]]
name = "colorama"
version = "0.4.6"
description = "Cross-platform colored terminal text."
optional = false
python-versions = "!=3.0.*,!=3.1.*,!=3.2.*,!=3.3.*,!=3.4.*,!=3.5.*,!=3.6.*,>=2.7"
files = [
    {file = "colorama-0.4.6-py2.py3-none-any.whl", hash = "sha256:4f1d9991f5acc0ca119f9d443620b77f9d6b33703e51011c16baf57afb285fc6"},
    {file = "colorama-0.4.6.tar.gz", hash = "sha256:08695f5cb7ed6e0531a20572697297273c47b8cae5a63ffc6d6ed5c201be6e44"},
]

[[package]]
name = "coverage"
version = "7.5.4"
description = "Code coverage measurement for Python"
optional = false
python-versions = ">=3.8"
files = [
    {file = "coverage-7.5.4-cp310-cp310-macosx_10_9_x86_64.whl", hash = "sha256:6cfb5a4f556bb51aba274588200a46e4dd6b505fb1a5f8c5ae408222eb416f99"},
    {file = "coverage-7.5.4-cp310-cp310-macosx_11_0_arm64.whl", hash = "sha256:2174e7c23e0a454ffe12267a10732c273243b4f2d50d07544a91198f05c48f47"},
    {file = "coverage-7.5.4-cp310-cp310-manylinux_2_17_aarch64.manylinux2014_aarch64.whl", hash = "sha256:2214ee920787d85db1b6a0bd9da5f8503ccc8fcd5814d90796c2f2493a2f4d2e"},
    {file = "coverage-7.5.4-cp310-cp310-manylinux_2_5_i686.manylinux1_i686.manylinux_2_17_i686.manylinux2014_i686.whl", hash = "sha256:1137f46adb28e3813dec8c01fefadcb8c614f33576f672962e323b5128d9a68d"},
    {file = "coverage-7.5.4-cp310-cp310-manylinux_2_5_x86_64.manylinux1_x86_64.manylinux_2_17_x86_64.manylinux2014_x86_64.whl", hash = "sha256:b385d49609f8e9efc885790a5a0e89f2e3ae042cdf12958b6034cc442de428d3"},
    {file = "coverage-7.5.4-cp310-cp310-musllinux_1_2_aarch64.whl", hash = "sha256:b4a474f799456e0eb46d78ab07303286a84a3140e9700b9e154cfebc8f527016"},
    {file = "coverage-7.5.4-cp310-cp310-musllinux_1_2_i686.whl", hash = "sha256:5cd64adedf3be66f8ccee418473c2916492d53cbafbfcff851cbec5a8454b136"},
    {file = "coverage-7.5.4-cp310-cp310-musllinux_1_2_x86_64.whl", hash = "sha256:e564c2cf45d2f44a9da56f4e3a26b2236504a496eb4cb0ca7221cd4cc7a9aca9"},
    {file = "coverage-7.5.4-cp310-cp310-win32.whl", hash = "sha256:7076b4b3a5f6d2b5d7f1185fde25b1e54eb66e647a1dfef0e2c2bfaf9b4c88c8"},
    {file = "coverage-7.5.4-cp310-cp310-win_amd64.whl", hash = "sha256:018a12985185038a5b2bcafab04ab833a9a0f2c59995b3cec07e10074c78635f"},
    {file = "coverage-7.5.4-cp311-cp311-macosx_10_9_x86_64.whl", hash = "sha256:db14f552ac38f10758ad14dd7b983dbab424e731588d300c7db25b6f89e335b5"},
    {file = "coverage-7.5.4-cp311-cp311-macosx_11_0_arm64.whl", hash = "sha256:3257fdd8e574805f27bb5342b77bc65578e98cbc004a92232106344053f319ba"},
    {file = "coverage-7.5.4-cp311-cp311-manylinux_2_17_aarch64.manylinux2014_aarch64.whl", hash = "sha256:3a6612c99081d8d6134005b1354191e103ec9705d7ba2754e848211ac8cacc6b"},
    {file = "coverage-7.5.4-cp311-cp311-manylinux_2_5_i686.manylinux1_i686.manylinux_2_17_i686.manylinux2014_i686.whl", hash = "sha256:d45d3cbd94159c468b9b8c5a556e3f6b81a8d1af2a92b77320e887c3e7a5d080"},
    {file = "coverage-7.5.4-cp311-cp311-manylinux_2_5_x86_64.manylinux1_x86_64.manylinux_2_17_x86_64.manylinux2014_x86_64.whl", hash = "sha256:ed550e7442f278af76d9d65af48069f1fb84c9f745ae249c1a183c1e9d1b025c"},
    {file = "coverage-7.5.4-cp311-cp311-musllinux_1_2_aarch64.whl", hash = "sha256:7a892be37ca35eb5019ec85402c3371b0f7cda5ab5056023a7f13da0961e60da"},
    {file = "coverage-7.5.4-cp311-cp311-musllinux_1_2_i686.whl", hash = "sha256:8192794d120167e2a64721d88dbd688584675e86e15d0569599257566dec9bf0"},
    {file = "coverage-7.5.4-cp311-cp311-musllinux_1_2_x86_64.whl", hash = "sha256:820bc841faa502e727a48311948e0461132a9c8baa42f6b2b84a29ced24cc078"},
    {file = "coverage-7.5.4-cp311-cp311-win32.whl", hash = "sha256:6aae5cce399a0f065da65c7bb1e8abd5c7a3043da9dceb429ebe1b289bc07806"},
    {file = "coverage-7.5.4-cp311-cp311-win_amd64.whl", hash = "sha256:d2e344d6adc8ef81c5a233d3a57b3c7d5181f40e79e05e1c143da143ccb6377d"},
    {file = "coverage-7.5.4-cp312-cp312-macosx_10_9_x86_64.whl", hash = "sha256:54317c2b806354cbb2dc7ac27e2b93f97096912cc16b18289c5d4e44fc663233"},
    {file = "coverage-7.5.4-cp312-cp312-macosx_11_0_arm64.whl", hash = "sha256:042183de01f8b6d531e10c197f7f0315a61e8d805ab29c5f7b51a01d62782747"},
    {file = "coverage-7.5.4-cp312-cp312-manylinux_2_17_aarch64.manylinux2014_aarch64.whl", hash = "sha256:a6bb74ed465d5fb204b2ec41d79bcd28afccf817de721e8a807d5141c3426638"},
    {file = "coverage-7.5.4-cp312-cp312-manylinux_2_5_i686.manylinux1_i686.manylinux_2_17_i686.manylinux2014_i686.whl", hash = "sha256:b3d45ff86efb129c599a3b287ae2e44c1e281ae0f9a9bad0edc202179bcc3a2e"},
    {file = "coverage-7.5.4-cp312-cp312-manylinux_2_5_x86_64.manylinux1_x86_64.manylinux_2_17_x86_64.manylinux2014_x86_64.whl", hash = "sha256:5013ed890dc917cef2c9f765c4c6a8ae9df983cd60dbb635df8ed9f4ebc9f555"},
    {file = "coverage-7.5.4-cp312-cp312-musllinux_1_2_aarch64.whl", hash = "sha256:1014fbf665fef86cdfd6cb5b7371496ce35e4d2a00cda501cf9f5b9e6fced69f"},
    {file = "coverage-7.5.4-cp312-cp312-musllinux_1_2_i686.whl", hash = "sha256:3684bc2ff328f935981847082ba4fdc950d58906a40eafa93510d1b54c08a66c"},
    {file = "coverage-7.5.4-cp312-cp312-musllinux_1_2_x86_64.whl", hash = "sha256:581ea96f92bf71a5ec0974001f900db495488434a6928a2ca7f01eee20c23805"},
    {file = "coverage-7.5.4-cp312-cp312-win32.whl", hash = "sha256:73ca8fbc5bc622e54627314c1a6f1dfdd8db69788f3443e752c215f29fa87a0b"},
    {file = "coverage-7.5.4-cp312-cp312-win_amd64.whl", hash = "sha256:cef4649ec906ea7ea5e9e796e68b987f83fa9a718514fe147f538cfeda76d7a7"},
    {file = "coverage-7.5.4-cp38-cp38-macosx_10_9_x86_64.whl", hash = "sha256:cdd31315fc20868c194130de9ee6bfd99755cc9565edff98ecc12585b90be882"},
    {file = "coverage-7.5.4-cp38-cp38-macosx_11_0_arm64.whl", hash = "sha256:02ff6e898197cc1e9fa375581382b72498eb2e6d5fc0b53f03e496cfee3fac6d"},
    {file = "coverage-7.5.4-cp38-cp38-manylinux_2_17_aarch64.manylinux2014_aarch64.whl", hash = "sha256:d05c16cf4b4c2fc880cb12ba4c9b526e9e5d5bb1d81313d4d732a5b9fe2b9d53"},
    {file = "coverage-7.5.4-cp38-cp38-manylinux_2_5_i686.manylinux1_i686.manylinux_2_17_i686.manylinux2014_i686.whl", hash = "sha256:c5986ee7ea0795a4095ac4d113cbb3448601efca7f158ec7f7087a6c705304e4"},
    {file = "coverage-7.5.4-cp38-cp38-manylinux_2_5_x86_64.manylinux1_x86_64.manylinux_2_17_x86_64.manylinux2014_x86_64.whl", hash = "sha256:5df54843b88901fdc2f598ac06737f03d71168fd1175728054c8f5a2739ac3e4"},
    {file = "coverage-7.5.4-cp38-cp38-musllinux_1_2_aarch64.whl", hash = "sha256:ab73b35e8d109bffbda9a3e91c64e29fe26e03e49addf5b43d85fc426dde11f9"},
    {file = "coverage-7.5.4-cp38-cp38-musllinux_1_2_i686.whl", hash = "sha256:aea072a941b033813f5e4814541fc265a5c12ed9720daef11ca516aeacd3bd7f"},
    {file = "coverage-7.5.4-cp38-cp38-musllinux_1_2_x86_64.whl", hash = "sha256:16852febd96acd953b0d55fc842ce2dac1710f26729b31c80b940b9afcd9896f"},
    {file = "coverage-7.5.4-cp38-cp38-win32.whl", hash = "sha256:8f894208794b164e6bd4bba61fc98bf6b06be4d390cf2daacfa6eca0a6d2bb4f"},
    {file = "coverage-7.5.4-cp38-cp38-win_amd64.whl", hash = "sha256:e2afe743289273209c992075a5a4913e8d007d569a406ffed0bd080ea02b0633"},
    {file = "coverage-7.5.4-cp39-cp39-macosx_10_9_x86_64.whl", hash = "sha256:b95c3a8cb0463ba9f77383d0fa8c9194cf91f64445a63fc26fb2327e1e1eb088"},
    {file = "coverage-7.5.4-cp39-cp39-macosx_11_0_arm64.whl", hash = "sha256:3d7564cc09dd91b5a6001754a5b3c6ecc4aba6323baf33a12bd751036c998be4"},
    {file = "coverage-7.5.4-cp39-cp39-manylinux_2_17_aarch64.manylinux2014_aarch64.whl", hash = "sha256:44da56a2589b684813f86d07597fdf8a9c6ce77f58976727329272f5a01f99f7"},
    {file = "coverage-7.5.4-cp39-cp39-manylinux_2_5_i686.manylinux1_i686.manylinux_2_17_i686.manylinux2014_i686.whl", hash = "sha256:e16f3d6b491c48c5ae726308e6ab1e18ee830b4cdd6913f2d7f77354b33f91c8"},
    {file = "coverage-7.5.4-cp39-cp39-manylinux_2_5_x86_64.manylinux1_x86_64.manylinux_2_17_x86_64.manylinux2014_x86_64.whl", hash = "sha256:dbc5958cb471e5a5af41b0ddaea96a37e74ed289535e8deca404811f6cb0bc3d"},
    {file = "coverage-7.5.4-cp39-cp39-musllinux_1_2_aarch64.whl", hash = "sha256:a04e990a2a41740b02d6182b498ee9796cf60eefe40cf859b016650147908029"},
    {file = "coverage-7.5.4-cp39-cp39-musllinux_1_2_i686.whl", hash = "sha256:ddbd2f9713a79e8e7242d7c51f1929611e991d855f414ca9996c20e44a895f7c"},
    {file = "coverage-7.5.4-cp39-cp39-musllinux_1_2_x86_64.whl", hash = "sha256:b1ccf5e728ccf83acd313c89f07c22d70d6c375a9c6f339233dcf792094bcbf7"},
    {file = "coverage-7.5.4-cp39-cp39-win32.whl", hash = "sha256:56b4eafa21c6c175b3ede004ca12c653a88b6f922494b023aeb1e836df953ace"},
    {file = "coverage-7.5.4-cp39-cp39-win_amd64.whl", hash = "sha256:65e528e2e921ba8fd67d9055e6b9f9e34b21ebd6768ae1c1723f4ea6ace1234d"},
    {file = "coverage-7.5.4-pp38.pp39.pp310-none-any.whl", hash = "sha256:79b356f3dd5b26f3ad23b35c75dbdaf1f9e2450b6bcefc6d0825ea0aa3f86ca5"},
    {file = "coverage-7.5.4.tar.gz", hash = "sha256:a44963520b069e12789d0faea4e9fdb1e410cdc4aab89d94f7f55cbb7fef0353"},
]

[package.dependencies]
tomli = {version = "*", optional = true, markers = "python_full_version <= \"3.11.0a6\" and extra == \"toml\""}

[package.extras]
toml = ["tomli"]

[[package]]
name = "exceptiongroup"
version = "1.2.1"
description = "Backport of PEP 654 (exception groups)"
optional = false
python-versions = ">=3.7"
files = [
    {file = "exceptiongroup-1.2.1-py3-none-any.whl", hash = "sha256:5258b9ed329c5bbdd31a309f53cbfb0b155341807f6ff7606a1e801a891b29ad"},
    {file = "exceptiongroup-1.2.1.tar.gz", hash = "sha256:a4785e48b045528f5bfe627b6ad554ff32def154f42372786903b7abcfe1aa16"},
]

[package.extras]
test = ["pytest (>=6)"]

[[package]]
name = "iniconfig"
version = "2.0.0"
description = "brain-dead simple config-ini parsing"
optional = false
python-versions = ">=3.7"
files = [
    {file = "iniconfig-2.0.0-py3-none-any.whl", hash = "sha256:b6a85871a79d2e3b22d2d1b94ac2824226a63c6b741c88f7ae975f18b6778374"},
    {file = "iniconfig-2.0.0.tar.gz", hash = "sha256:2d91e135bf72d31a410b17c16da610a82cb55f6b0477d1a902134b24a455b8b3"},
]

[[package]]
name = "nodeenv"
version = "1.9.1"
description = "Node.js virtual environment builder"
optional = false
python-versions = "!=3.0.*,!=3.1.*,!=3.2.*,!=3.3.*,!=3.4.*,!=3.5.*,!=3.6.*,>=2.7"
files = [
    {file = "nodeenv-1.9.1-py2.py3-none-any.whl", hash = "sha256:ba11c9782d29c27c70ffbdda2d7415098754709be8a7056d79a737cd901155c9"},
    {file = "nodeenv-1.9.1.tar.gz", hash = "sha256:6ec12890a2dab7946721edbfbcd91f3319c6ccc9aec47be7c7e6b7011ee6645f"},
]

[[package]]
name = "packaging"
version = "24.1"
description = "Core utilities for Python packages"
optional = false
python-versions = ">=3.8"
files = [
    {file = "packaging-24.1-py3-none-any.whl", hash = "sha256:5b8f2217dbdbd2f7f384c41c628544e6d52f2d0f53c6d0c3ea61aa5d1d7ff124"},
    {file = "packaging-24.1.tar.gz", hash = "sha256:026ed72c8ed3fcce5bf8950572258698927fd1dbda10a5e981cdf0ac37f4f002"},
]

[[package]]
name = "pluggy"
version = "1.5.0"
description = "plugin and hook calling mechanisms for python"
optional = false
python-versions = ">=3.8"
files = [
    {file = "pluggy-1.5.0-py3-none-any.whl", hash = "sha256:44e1ad92c8ca002de6377e165f3e0f1be63266ab4d554740532335b9d75ea669"},
    {file = "pluggy-1.5.0.tar.gz", hash = "sha256:2cffa88e94fdc978c4c574f15f9e59b7f4201d439195c3715ca9e2486f1d0cf1"},
]

[package.extras]
dev = ["pre-commit", "tox"]
testing = ["pytest", "pytest-benchmark"]

[[package]]
name = "pyright"
version = "1.1.368"
description = "Command line wrapper for pyright"
optional = false
python-versions = ">=3.7"
files = [
    {file = "pyright-1.1.368-py3-none-any.whl", hash = "sha256:4a86e34b61c755b43b367af7fbf927fc6466fff6b81a9dcea07d42416c640af3"},
    {file = "pyright-1.1.368.tar.gz", hash = "sha256:9b2aa48142d9d9fc9a6aedff743c76873cc4e615f3297cdbf893d5793f75b306"},
]

[package.dependencies]
nodeenv = ">=1.6.0"

[package.extras]
all = ["twine (>=3.4.1)"]
dev = ["twine (>=3.4.1)"]

[[package]]
name = "pytest"
version = "8.2.2"
description = "pytest: simple powerful testing with Python"
optional = false
python-versions = ">=3.8"
files = [
    {file = "pytest-8.2.2-py3-none-any.whl", hash = "sha256:c434598117762e2bd304e526244f67bf66bbd7b5d6cf22138be51ff661980343"},
    {file = "pytest-8.2.2.tar.gz", hash = "sha256:de4bb8104e201939ccdc688b27a89a7be2079b22e2bd2b07f806b6ba71117977"},
]

[package.dependencies]
colorama = {version = "*", markers = "sys_platform == \"win32\""}
exceptiongroup = {version = ">=1.0.0rc8", markers = "python_version < \"3.11\""}
iniconfig = "*"
packaging = "*"
pluggy = ">=1.5,<2.0"
tomli = {version = ">=1", markers = "python_version < \"3.11\""}

[package.extras]
dev = ["argcomplete", "attrs (>=19.2)", "hypothesis (>=3.56)", "mock", "pygments (>=2.7.2)", "requests", "setuptools", "xmlschema"]

[[package]]
name = "pytest-cov"
version = "5.0.0"
description = "Pytest plugin for measuring coverage."
optional = false
python-versions = ">=3.8"
files = [
    {file = "pytest-cov-5.0.0.tar.gz", hash = "sha256:5837b58e9f6ebd335b0f8060eecce69b662415b16dc503883a02f45dfeb14857"},
    {file = "pytest_cov-5.0.0-py3-none-any.whl", hash = "sha256:4f0764a1219df53214206bf1feea4633c3b558a2925c8b59f144f682861ce652"},
]

[package.dependencies]
coverage = {version = ">=5.2.1", extras = ["toml"]}
pytest = ">=4.6"

[package.extras]
testing = ["fields", "hunter", "process-tests", "pytest-xdist", "virtualenv"]

[[package]]
name = "ruff"
version = "0.4.10"
description = "An extremely fast Python linter and code formatter, written in Rust."
optional = false
python-versions = ">=3.7"
files = [
    {file = "ruff-0.4.10-py3-none-macosx_10_12_x86_64.whl", hash = "sha256:5c2c4d0859305ac5a16310eec40e4e9a9dec5dcdfbe92697acd99624e8638dac"},
    {file = "ruff-0.4.10-py3-none-macosx_11_0_arm64.whl", hash = "sha256:a79489607d1495685cdd911a323a35871abfb7a95d4f98fc6f85e799227ac46e"},
    {file = "ruff-0.4.10-py3-none-manylinux_2_17_aarch64.manylinux2014_aarch64.whl", hash = "sha256:b1dd1681dfa90a41b8376a61af05cc4dc5ff32c8f14f5fe20dba9ff5deb80cd6"},
    {file = "ruff-0.4.10-py3-none-manylinux_2_17_armv7l.manylinux2014_armv7l.whl", hash = "sha256:c75c53bb79d71310dc79fb69eb4902fba804a81f374bc86a9b117a8d077a1784"},
    {file = "ruff-0.4.10-py3-none-manylinux_2_17_i686.manylinux2014_i686.whl", hash = "sha256:18238c80ee3d9100d3535d8eb15a59c4a0753b45cc55f8bf38f38d6a597b9739"},
    {file = "ruff-0.4.10-py3-none-manylinux_2_17_ppc64.manylinux2014_ppc64.whl", hash = "sha256:d8f71885bce242da344989cae08e263de29752f094233f932d4f5cfb4ef36a81"},
    {file = "ruff-0.4.10-py3-none-manylinux_2_17_ppc64le.manylinux2014_ppc64le.whl", hash = "sha256:330421543bd3222cdfec481e8ff3460e8702ed1e58b494cf9d9e4bf90db52b9d"},
    {file = "ruff-0.4.10-py3-none-manylinux_2_17_s390x.manylinux2014_s390x.whl", hash = "sha256:9e9b6fb3a37b772628415b00c4fc892f97954275394ed611056a4b8a2631365e"},
    {file = "ruff-0.4.10-py3-none-manylinux_2_17_x86_64.manylinux2014_x86_64.whl", hash = "sha256:0f54c481b39a762d48f64d97351048e842861c6662d63ec599f67d515cb417f6"},
    {file = "ruff-0.4.10-py3-none-musllinux_1_2_aarch64.whl", hash = "sha256:67fe086b433b965c22de0b4259ddfe6fa541c95bf418499bedb9ad5fb8d1c631"},
    {file = "ruff-0.4.10-py3-none-musllinux_1_2_armv7l.whl", hash = "sha256:acfaaab59543382085f9eb51f8e87bac26bf96b164839955f244d07125a982ef"},
    {file = "ruff-0.4.10-py3-none-musllinux_1_2_i686.whl", hash = "sha256:3cea07079962b2941244191569cf3a05541477286f5cafea638cd3aa94b56815"},
    {file = "ruff-0.4.10-py3-none-musllinux_1_2_x86_64.whl", hash = "sha256:338a64ef0748f8c3a80d7f05785930f7965d71ca260904a9321d13be24b79695"},
    {file = "ruff-0.4.10-py3-none-win32.whl", hash = "sha256:ffe3cd2f89cb54561c62e5fa20e8f182c0a444934bf430515a4b422f1ab7b7ca"},
    {file = "ruff-0.4.10-py3-none-win_amd64.whl", hash = "sha256:67f67cef43c55ffc8cc59e8e0b97e9e60b4837c8f21e8ab5ffd5d66e196e25f7"},
    {file = "ruff-0.4.10-py3-none-win_arm64.whl", hash = "sha256:dd1fcee327c20addac7916ca4e2653fbbf2e8388d8a6477ce5b4e986b68ae6c0"},
    {file = "ruff-0.4.10.tar.gz", hash = "sha256:3aa4f2bc388a30d346c56524f7cacca85945ba124945fe489952aadb6b5cd804"},
]

[[package]]
name = "tomli"
version = "2.0.1"
description = "A lil' TOML parser"
optional = false
python-versions = ">=3.7"
files = [
    {file = "tomli-2.0.1-py3-none-any.whl", hash = "sha256:939de3e7a6161af0c887ef91b7d41a53e7c5a1ca976325f429cb46ea9bc30ecc"},
    {file = "tomli-2.0.1.tar.gz", hash = "sha256:de526c12914f0c550d15924c62d72abc48d6fe7364aa87328337a31007fe8a4f"},
]

[[package]]
name = "typing-extensions"
version = "4.12.2"
description = "Backported and Experimental Type Hints for Python 3.8+"
optional = false
python-versions = ">=3.8"
files = [
    {file = "typing_extensions-4.12.2-py3-none-any.whl", hash = "sha256:04e5ca0351e0f3f85c6853954072df659d0d13fac324d0072316b67d7794700d"},
    {file = "typing_extensions-4.12.2.tar.gz", hash = "sha256:1a7ead55c7e559dd4dee8856e3a88b41225abfe1ce8df57b7c13915fe121ffb8"},
]

[[package]]
name = "websocket-client"
version = "1.8.0"
description = "WebSocket client for Python with low level API options"
optional = false
python-versions = ">=3.8"
files = [
    {file = "websocket_client-1.8.0-py3-none-any.whl", hash = "sha256:17b44cc997f5c498e809b22cdf2d9c7a9e71c02c8cc2b6c56e7c2d1239bfa526"},
    {file = "websocket_client-1.8.0.tar.gz", hash = "sha256:3239df9f44da632f96012472805d40a23281a991027ce11d2f45a6f24ac4c3da"},
]

[package.extras]
docs = ["Sphinx (>=6.0)", "myst-parser (>=2.0.0)", "sphinx-rtd-theme (>=1.1.0)"]
optional = ["python-socks", "wsaccel"]
test = ["websockets"]

[metadata]
lock-version = "2.0"
python-versions = "^3.8"
content-hash = "784c1e6268f66261e47484a62502e4cf49acf9800eee6ff72d2060989829169c"
